<?xml version="1.0" encoding="utf-8"?>
<Project ToolsVersion="4.0" xmlns="http://schemas.microsoft.com/developer/msbuild/2003">
  <ItemGroup>
    <Filter Include="Source Files">
      <UniqueIdentifier>{4FC737F1-C7A5-4376-A066-2A32D752A2FF}</UniqueIdentifier>
      <Extensions>cpp;c;cc;cxx;def;odl;idl;hpj;bat;asm;asmx</Extensions>
    </Filter>
    <Filter Include="Header Files">
      <UniqueIdentifier>{93995380-89BD-4b04-88EB-625FBE52EBFB}</UniqueIdentifier>
      <Extensions>h;hh;hpp;hxx;hm;inl;inc;xsd</Extensions>
    </Filter>
    <Filter Include="Resource Files">
      <UniqueIdentifier>{67DA6AB6-F800-4c08-8B7A-83BB121AAD01}</UniqueIdentifier>
      <Extensions>rc;ico;cur;bmp;dlg;rc2;rct;bin;rgs;gif;jpg;jpeg;jpe;resx;tiff;tif;png;wav;mfcribbon-ms</Extensions>
    </Filter>
    <Filter Include="menu">
      <UniqueIdentifier>{ef50668d-85c8-4076-8923-f29640dad3f3}</UniqueIdentifier>
    </Filter>
  </ItemGroup>
  <ItemGroup>
    <ClInclude Include="csgo.h">
      <Filter>Header Files</Filter>
    </ClInclude>
    <ClInclude Include="interfaces.h">
      <Filter>Header Files</Filter>
    </ClInclude>
    <ClInclude Include="helpers.h">
      <Filter>Header Files</Filter>
    </ClInclude>
    <ClInclude Include="vector.h">
      <Filter>Header Files</Filter>
    </ClInclude>
    <ClInclude Include="context.h">
      <Filter>Header Files</Filter>
    </ClInclude>
    <ClInclude Include="hack.h">
      <Filter>Header Files</Filter>
    </ClInclude>
    <ClInclude Include="visual.h">
      <Filter>Header Files</Filter>
    </ClInclude>
    <ClInclude Include="func_hook.h">
      <Filter>Header Files</Filter>
    </ClInclude>
    <ClInclude Include="hooks.h">
      <Filter>Header Files</Filter>
    </ClInclude>
    <ClInclude Include="checksum_crc.hpp">
      <Filter>Header Files</Filter>
    </ClInclude>
    <ClInclude Include="checksum_md5.hpp">
      <Filter>Header Files</Filter>
    </ClInclude>
    <ClInclude Include="entity.h">
      <Filter>Header Files</Filter>
    </ClInclude>
    <ClInclude Include="netvar_manager.h">
      <Filter>Header Files</Filter>
    </ClInclude>
    <ClInclude Include="math.h">
      <Filter>Header Files</Filter>
    </ClInclude>
    <ClInclude Include="drawings.h">
      <Filter>Header Files</Filter>
    </ClInclude>
    <ClInclude Include="basecontrol.h">
      <Filter>menu</Filter>
    </ClInclude>
    <ClInclude Include="window.h">
      <Filter>menu</Filter>
    </ClInclude>
    <ClInclude Include="menu.h">
      <Filter>menu</Filter>
    </ClInclude>
  </ItemGroup>
  <ItemGroup>
    <ClCompile Include="csgo.cpp">
      <Filter>Source Files</Filter>
    </ClCompile>
    <ClCompile Include="main.cpp">
      <Filter>Source Files</Filter>
    </ClCompile>
    <ClCompile Include="hack.cpp">
      <Filter>Source Files</Filter>
    </ClCompile>
    <ClCompile Include="visual.cpp">
      <Filter>Source Files</Filter>
    </ClCompile>
    <ClCompile Include="hooks.cpp">
      <Filter>Source Files</Filter>
    </ClCompile>
    <ClCompile Include="checksum_crc.cpp">
      <Filter>Source Files</Filter>
    </ClCompile>
    <ClCompile Include="checksum_md5.cpp">
      <Filter>Source Files</Filter>
    </ClCompile>
    <ClCompile Include="helpers.cpp">
      <Filter>Source Files</Filter>
    </ClCompile>
    <ClCompile Include="netvar_manager.cpp">
      <Filter>Source Files</Filter>
    </ClCompile>
    <ClCompile Include="math.cpp">
      <Filter>Source Files</Filter>
    </ClCompile>
    <ClCompile Include="func_hook.cpp">
      <Filter>Source Files</Filter>
    </ClCompile>
    <ClCompile Include="drawings.cpp">
      <Filter>Source Files</Filter>
    </ClCompile>
    <ClCompile Include="window.cpp">
      <Filter>menu</Filter>
    </ClCompile>
    <ClCompile Include="menu.cpp">
      <Filter>menu</Filter>
    </ClCompile>
  </ItemGroup>
</Project>